
Microsoft Visual Studio Solution File, Format Version 12.00
# Visual Studio Version 17
VisualStudioVersion = 17.2.32630.192
MinimumVisualStudioVersion = 10.0.40219.1
Project("{FAE04EC0-301F-11D3-BF4B-00C04F79EFBC}") = "Examples", "Examples\Examples.csproj", "{3FE63AAA-D92F-4A9D-A1C8-DC173EBD8963}"
EndProject
Global
	GlobalSection(SolutionConfigurationPlatforms) = preSolution
		Debug|Any CPU = Debug|Any CPU
		Release|Any CPU = Release|Any CPU
	EndGlobalSection
	GlobalSection(ProjectConfigurationPlatforms) = postSolution
		{3FE63AAA-D92F-4A9D-A1C8-DC173EBD8963}.Debug|Any CPU.ActiveCfg = Debug|Any CPU
		{3FE63AAA-D92F-4A9D-A1C8-DC173EBD8963}.Debug|Any CPU.Build.0 = Debug|Any CPU
		{3FE63AAA-D92F-4A9D-A1C8-DC173EBD8963}.Release|Any CPU.ActiveCfg = Release|Any CPU
		{3FE63AAA-D92F-4A9D-A1C8-DC173EBD8963}.Release|Any CPU.Build.0 = Release|Any CPU
	EndGlobalSection
	GlobalSection(SolutionProperties) = preSolution
		HideSolutionNode = FALSE
	EndGlobalSection
	GlobalSection(ExtensibilityGlobals) = postSolution
		SolutionGuid = {7C901679-4C01-4C5F-80BA-E90BCF229463}
	EndGlobalSection
EndGlobal
